
Microsoft Visual Studio Solution File, Format Version 12.00
# Visual Studio Version 16
VisualStudioVersion = 16.0.30804.86
MinimumVisualStudioVersion = 10.0.40219.1
Project("{FAE04EC0-301F-11D3-BF4B-00C04F79EFBC}") = "SellingAGame(HomeWorkOf5.Day)", "SellingAGame(HomeWorkOf5.Day)\SellingAGame(HomeWorkOf5.Day).csproj", "{32118B91-658E-4929-991A-0F9A820EE880}"
EndProject
Global
	GlobalSection(SolutionConfigurationPlatforms) = preSolution
		Debug|Any CPU = Debug|Any CPU
		Release|Any CPU = Release|Any CPU
	EndGlobalSection
	GlobalSection(ProjectConfigurationPlatforms) = postSolution
		{32118B91-658E-4929-991A-0F9A820EE880}.Debug|Any CPU.ActiveCfg = Debug|Any CPU
		{32118B91-658E-4929-991A-0F9A820EE880}.Debug|Any CPU.Build.0 = Debug|Any CPU
		{32118B91-658E-4929-991A-0F9A820EE880}.Release|Any CPU.ActiveCfg = Release|Any CPU
		{32118B91-658E-4929-991A-0F9A820EE880}.Release|Any CPU.Build.0 = Release|Any CPU
	EndGlobalSection
	GlobalSection(SolutionProperties) = preSolution
		HideSolutionNode = FALSE
	EndGlobalSection
	GlobalSection(ExtensibilityGlobals) = postSolution
		SolutionGuid = {C38D7BA8-7106-46E0-9838-3AF996718533}
	EndGlobalSection
EndGlobal
